
Microsoft Visual Studio Solution File, Format Version 12.00
# Visual Studio Version 17
VisualStudioVersion = 17.4.33205.214
MinimumVisualStudioVersion = 10.0.40219.1
Project("{F184B08F-C81C-45F6-A57F-5ABD9991F28F}") = "LoginApplication", "LoginApplication.vbproj", "{DE6DB0BF-AA5D-4E5D-A460-92A5BFD3884E}"
EndProject
Global
	GlobalSection(SolutionConfigurationPlatforms) = preSolution
		Debug|Any CPU = Debug|Any CPU
		Release|Any CPU = Release|Any CPU
	EndGlobalSection
	GlobalSection(ProjectConfigurationPlatforms) = postSolution
		{DE6DB0BF-AA5D-4E5D-A460-92A5BFD3884E}.Debug|Any CPU.ActiveCfg = Debug|Any CPU
		{DE6DB0BF-AA5D-4E5D-A460-92A5BFD3884E}.Debug|Any CPU.Build.0 = Debug|Any CPU
		{DE6DB0BF-AA5D-4E5D-A460-92A5BFD3884E}.Release|Any CPU.ActiveCfg = Release|Any CPU
		{DE6DB0BF-AA5D-4E5D-A460-92A5BFD3884E}.Release|Any CPU.Build.0 = Release|Any CPU
	EndGlobalSection
	GlobalSection(SolutionProperties) = preSolution
		HideSolutionNode = FALSE
	EndGlobalSection
	GlobalSection(ExtensibilityGlobals) = postSolution
		SolutionGuid = {ACB9D546-6E1A-43BD-B7C6-5335CCBDA81D}
	EndGlobalSection
EndGlobal
